// !$*UTF8*$!
{
	archiveVersion = 1;
	classes = {
	};
	objectVersion = 46;
	objects = {

/* Begin PBXBuildFile section */
		22AA6026157F9F7F00DE9C3F /* cover_2.jpg in Resources */ = {isa = PBXBuildFile; fileRef = 22AA6015157F9F7F00DE9C3F /* cover_2.jpg */; };
		22AA6027157F9F7F00DE9C3F /* cover.jpg in Resources */ = {isa = PBXBuildFile; fileRef = 22AA6016157F9F7F00DE9C3F /* cover.jpg */; };
		22AA6028157F9F7F00DE9C3F /* page_1.jpg in Resources */ = {isa = PBXBuildFile; fileRef = 22AA6017157F9F7F00DE9C3F /* page_1.jpg */; };
		22AA6029157F9F7F00DE9C3F /* page_2.jpg in Resources */ = {isa = PBXBuildFile; fileRef = 22AA6018157F9F7F00DE9C3F /* page_2.jpg */; };
		22AA602A157F9F7F00DE9C3F /* page_3.jpg in Resources */ = {isa = PBXBuildFile; fileRef = 22AA6019157F9F7F00DE9C3F /* page_3.jpg */; };
		22AA602B157F9F7F00DE9C3F /* page_4.jpg in Resources */ = {isa = PBXBuildFile; fileRef = 22AA601A157F9F7F00DE9C3F /* page_4.jpg */; };
		22AA602C157F9F7F00DE9C3F /* page_5.jpg in Resources */ = {isa = PBXBuildFile; fileRef = 22AA601B157F9F7F00DE9C3F /* page_5.jpg */; };
		22AA602D157F9F7F00DE9C3F /* page_6.jpg in Resources */ = {isa = PBXBuildFile; fileRef = 22AA601C157F9F7F00DE9C3F /* page_6.jpg */; };
		22AA602E157F9F7F00DE9C3F /* page_7.jpg in Resources */ = {isa = PBXBuildFile; fileRef = 22AA601D157F9F7F00DE9C3F /* page_7.jpg */; };
		22AA602F157F9F7F00DE9C3F /* page_8.jpg in Resources */ = {isa = PBXBuildFile; fileRef = 22AA601E157F9F7F00DE9C3F /* page_8.jpg */; };
		22AA6030157F9F7F00DE9C3F /* page_9.jpg in Resources */ = {isa = PBXBuildFile; fileRef = 22AA601F157F9F7F00DE9C3F /* page_9.jpg */; };
		22AA6031157F9F7F00DE9C3F /* page_10.jpg in Resources */ = {isa = PBXBuildFile; fileRef = 22AA6020157F9F7F00DE9C3F /* page_10.jpg */; };
		22AA6032157F9F7F00DE9C3F /* page_11.jpg in Resources */ = {isa = PBXBuildFile; fileRef = 22AA6021157F9F7F00DE9C3F /* page_11.jpg */; };
		22AA6033157F9F7F00DE9C3F /* page_12.jpg in Resources */ = {isa = PBXBuildFile; fileRef = 22AA6022157F9F7F00DE9C3F /* page_12.jpg */; };
		22AA6034157F9F7F00DE9C3F /* page_13.jpg in Resources */ = {isa = PBXBuildFile; fileRef = 22AA6023157F9F7F00DE9C3F /* page_13.jpg */; };
		22AA6035157F9F7F00DE9C3F /* page_14.jpg in Resources */ = {isa = PBXBuildFile; fileRef = 22AA6024157F9F7F00DE9C3F /* page_14.jpg */; };
		22AA6036157F9F7F00DE9C3F /* page_15.jpg in Resources */ = {isa = PBXBuildFile; fileRef = 22AA6025157F9F7F00DE9C3F /* page_15.jpg */; };
		22CFE40E157F71D600C230A8 /* UIKit.framework in Frameworks */ = {isa = PBXBuildFile; fileRef = 22CFE40D157F71D600C230A8 /* UIKit.framework */; };
		22CFE410157F71D600C230A8 /* Foundation.framework in Frameworks */ = {isa = PBXBuildFile; fileRef = 22CFE40F157F71D600C230A8 /* Foundation.framework */; };
		22CFE412157F71D600C230A8 /* CoreGraphics.framework in Frameworks */ = {isa = PBXBuildFile; fileRef = 22CFE411157F71D600C230A8 /* CoreGraphics.framework */; };
		22CFE418157F71D600C230A8 /* InfoPlist.strings in Resources */ = {isa = PBXBuildFile; fileRef = 22CFE416157F71D600C230A8 /* InfoPlist.strings */; };
		22CFE41A157F71D600C230A8 /* main.m in Sources */ = {isa = PBXBuildFile; fileRef = 22CFE419157F71D600C230A8 /* main.m */; };
		22CFE41E157F71D700C230A8 /* CMAppDelegate.m in Sources */ = {isa = PBXBuildFile; fileRef = 22CFE41D157F71D700C230A8 /* CMAppDelegate.m */; };
		22CFE421157F71D700C230A8 /* CMViewController.m in Sources */ = {isa = PBXBuildFile; fileRef = 22CFE420157F71D700C230A8 /* CMViewController.m */; };
		22CFE424157F71D700C230A8 /* CMViewController.xib in Resources */ = {isa = PBXBuildFile; fileRef = 22CFE422157F71D700C230A8 /* CMViewController.xib */; };
		22CFE42D157F722B00C230A8 /* ContentViewController.m in Sources */ = {isa = PBXBuildFile; fileRef = 22CFE42B157F722B00C230A8 /* ContentViewController.m */; };
		22CFE42E157F722B00C230A8 /* ContentViewController.xib in Resources */ = {isa = PBXBuildFile; fileRef = 22CFE42C157F722B00C230A8 /* ContentViewController.xib */; };
/* End PBXBuildFile section */

/* Begin PBXFileReference section */
		22AA6015157F9F7F00DE9C3F /* cover_2.jpg */ = {isa = PBXFileReference; lastKnownFileType = image.jpeg; path = cover_2.jpg; sourceTree = "<group>"; };
		22AA6016157F9F7F00DE9C3F /* cover.jpg */ = {isa = PBXFileReference; lastKnownFileType = image.jpeg; path = cover.jpg; sourceTree = "<group>"; };
		22AA6017157F9F7F00DE9C3F /* page_1.jpg */ = {isa = PBXFileReference; lastKnownFileType = image.jpeg; path = page_1.jpg; sourceTree = "<group>"; };
		22AA6018157F9F7F00DE9C3F /* page_2.jpg */ = {isa = PBXFileReference; lastKnownFileType = image.jpeg; path = page_2.jpg; sourceTree = "<group>"; };
		22AA6019157F9F7F00DE9C3F /* page_3.jpg */ = {isa = PBXFileReference; lastKnownFileType = image.jpeg; path = page_3.jpg; sourceTree = "<group>"; };
		22AA601A157F9F7F00DE9C3F /* page_4.jpg */ = {isa = PBXFileReference; lastKnownFileType = image.jpeg; path = page_4.jpg; sourceTree = "<group>"; };
		22AA601B157F9F7F00DE9C3F /* page_5.jpg */ = {isa = PBXFileReference; lastKnownFileType = image.jpeg; path = page_5.jpg; sourceTree = "<group>"; };
		22AA601C157F9F7F00DE9C3F /* page_6.jpg */ = {isa = PBXFileReference; lastKnownFileType = image.jpeg; path = page_6.jpg; sourceTree = "<group>"; };
		22AA601D157F9F7F00DE9C3F /* page_7.jpg */ = {isa = PBXFileReference; lastKnownFileType = image.jpeg; path = page_7.jpg; sourceTree = "<group>"; };
		22AA601E157F9F7F00DE9C3F /* page_8.jpg */ = {isa = PBXFileReference; lastKnownFileType = image.jpeg; path = page_8.jpg; sourceTree = "<group>"; };
		22AA601F157F9F7F00DE9C3F /* page_9.jpg */ = {isa = PBXFileReference; lastKnownFileType = image.jpeg; path = page_9.jpg; sourceTree = "<group>"; };
		22AA6020157F9F7F00DE9C3F /* page_10.jpg */ = {isa = PBXFileReference; lastKnownFileType = image.jpeg; path = page_10.jpg; sourceTree = "<group>"; };
		22AA6021157F9F7F00DE9C3F /* page_11.jpg */ = {isa = PBXFileReference; lastKnownFileType = image.jpeg; path = page_11.jpg; sourceTree = "<group>"; };
		22AA6022157F9F7F00DE9C3F /* page_12.jpg */ = {isa = PBXFileReference; lastKnownFileType = image.jpeg; path = page_12.jpg; sourceTree = "<group>"; };
		22AA6023157F9F7F00DE9C3F /* page_13.jpg */ = {isa = PBXFileReference; lastKnownFileType = image.jpeg; path = page_13.jpg; sourceTree = "<group>"; };
		22AA6024157F9F7F00DE9C3F /* page_14.jpg */ = {isa = PBXFileReference; lastKnownFileType = image.jpeg; path = page_14.jpg; sourceTree = "<group>"; };
		22AA6025157F9F7F00DE9C3F /* page_15.jpg */ = {isa = PBXFileReference; lastKnownFileType = image.jpeg; path = page_15.jpg; sourceTree = "<group>"; };
		22CFE409157F71D600C230A8 /* PVC.app */ = {isa = PBXFileReference; explicitFileType = wrapper.application; includeInIndex = 0; path = PVC.app; sourceTree = BUILT_PRODUCTS_DIR; };
		22CFE40D157F71D600C230A8 /* UIKit.framework */ = {isa = PBXFileReference; lastKnownFileType = wrapper.framework; name = UIKit.framework; path = System/Library/Frameworks/UIKit.framework; sourceTree = SDKROOT; };
		22CFE40F157F71D600C230A8 /* Foundation.framework */ = {isa = PBXFileReference; lastKnownFileType = wrapper.framework; name = Foundation.framework; path = System/Library/Frameworks/Foundation.framework; sourceTree = SDKROOT; };
		22CFE411157F71D600C230A8 /* CoreGraphics.framework */ = {isa = PBXFileReference; lastKnownFileType = wrapper.framework; name = CoreGraphics.framework; path = System/Library/Frameworks/CoreGraphics.framework; sourceTree = SDKROOT; };
		22CFE415157F71D600C230A8 /* PVC-Info.plist */ = {isa = PBXFileReference; lastKnownFileType = text.plist.xml; path = "PVC-Info.plist"; sourceTree = "<group>"; };
		22CFE417157F71D600C230A8 /* en */ = {isa = PBXFileReference; lastKnownFileType = text.plist.strings; name = en; path = en.lproj/InfoPlist.strings; sourceTree = "<group>"; };
		22CFE419157F71D600C230A8 /* main.m */ = {isa = PBXFileReference; lastKnownFileType = sourcecode.c.objc; path = main.m; sourceTree = "<group>"; };
		22CFE41B157F71D600C230A8 /* PVC-Prefix.pch */ = {isa = PBXFileReference; lastKnownFileType = sourcecode.c.h; path = "PVC-Prefix.pch"; sourceTree = "<group>"; };
		22CFE41C157F71D600C230A8 /* CMAppDelegate.h */ = {isa = PBXFileReference; lastKnownFileType = sourcecode.c.h; path = CMAppDelegate.h; sourceTree = "<group>"; };
		22CFE41D157F71D700C230A8 /* CMAppDelegate.m */ = {isa = PBXFileReference; lastKnownFileType = sourcecode.c.objc; path = CMAppDelegate.m; sourceTree = "<group>"; };
		22CFE41F157F71D700C230A8 /* CMViewController.h */ = {isa = PBXFileReference; lastKnownFileType = sourcecode.c.h; path = CMViewController.h; sourceTree = "<group>"; };
		22CFE420157F71D700C230A8 /* CMViewController.m */ = {isa = PBXFileReference; lastKnownFileType = sourcecode.c.objc; path = CMViewController.m; sourceTree = "<group>"; };
		22CFE423157F71D700C230A8 /* en */ = {isa = PBXFileReference; lastKnownFileType = file.xib; name = en; path = en.lproj/CMViewController.xib; sourceTree = "<group>"; };
		22CFE42A157F722B00C230A8 /* ContentViewController.h */ = {isa = PBXFileReference; fileEncoding = 4; lastKnownFileType = sourcecode.c.h; path = ContentViewController.h; sourceTree = "<group>"; };
		22CFE42B157F722B00C230A8 /* ContentViewController.m */ = {isa = PBXFileReference; fileEncoding = 4; lastKnownFileType = sourcecode.c.objc; path = ContentViewController.m; sourceTree = "<group>"; };
		22CFE42C157F722B00C230A8 /* ContentViewController.xib */ = {isa = PBXFileReference; fileEncoding = 4; lastKnownFileType = file.xib; path = ContentViewController.xib; sourceTree = "<group>"; };
/* End PBXFileReference section */

/* Begin PBXFrameworksBuildPhase section */
		22CFE406157F71D600C230A8 /* Frameworks */ = {
			isa = PBXFrameworksBuildPhase;
			buildActionMask = 2147483647;
			files = (
				22CFE40E157F71D600C230A8 /* UIKit.framework in Frameworks */,
				22CFE410157F71D600C230A8 /* Foundation.framework in Frameworks */,
				22CFE412157F71D600C230A8 /* CoreGraphics.framework in Frameworks */,
			);
			runOnlyForDeploymentPostprocessing = 0;
		};
/* End PBXFrameworksBuildPhase section */

/* Begin PBXGroup section */
		22CFE3FE157F71D600C230A8 = {
			isa = PBXGroup;
			children = (
				22CFE413157F71D600C230A8 /* PVC */,
				22CFE40C157F71D600C230A8 /* Frameworks */,
				22CFE40A157F71D600C230A8 /* Products */,
			);
			sourceTree = "<group>";
		};
		22CFE40A157F71D600C230A8 /* Products */ = {
			isa = PBXGroup;
			children = (
				22CFE409157F71D600C230A8 /* PVC.app */,
			);
			name = Products;
			sourceTree = "<group>";
		};
		22CFE40C157F71D600C230A8 /* Frameworks */ = {
			isa = PBXGroup;
			children = (
				22CFE40D157F71D600C230A8 /* UIKit.framework */,
				22CFE40F157F71D600C230A8 /* Foundation.framework */,
				22CFE411157F71D600C230A8 /* CoreGraphics.framework */,
			);
			name = Frameworks;
			sourceTree = "<group>";
		};
		22CFE413157F71D600C230A8 /* PVC */ = {
			isa = PBXGroup;
			children = (
				22CFE42F157F855100C230A8 /* App delegate */,
				22CFE430157F855F00C230A8 /* Front end */,
				22CFE433157F860900C230A8 /* Assets */,
				22CFE414157F71D600C230A8 /* Supporting Files */,
			);
			path = PVC;
			sourceTree = "<group>";
		};
		22CFE414157F71D600C230A8 /* Supporting Files */ = {
			isa = PBXGroup;
			children = (
				22CFE415157F71D600C230A8 /* PVC-Info.plist */,
				22CFE416157F71D600C230A8 /* InfoPlist.strings */,
				22CFE419157F71D600C230A8 /* main.m */,
				22CFE41B157F71D600C230A8 /* PVC-Prefix.pch */,
			);
			name = "Supporting Files";
			sourceTree = "<group>";
		};
		22CFE42F157F855100C230A8 /* App delegate */ = {
			isa = PBXGroup;
			children = (
				22CFE41C157F71D600C230A8 /* CMAppDelegate.h */,
				22CFE41D157F71D700C230A8 /* CMAppDelegate.m */,
			);
			name = "App delegate";
			sourceTree = "<group>";
		};
		22CFE430157F855F00C230A8 /* Front end */ = {
			isa = PBXGroup;
			children = (
				22CFE431157F857000C230A8 /* Main view controller */,
				22CFE432157F858100C230A8 /* Content pages */,
			);
			name = "Front end";
			sourceTree = "<group>";
		};
		22CFE431157F857000C230A8 /* Main view controller */ = {
			isa = PBXGroup;
			children = (
				22CFE41F157F71D700C230A8 /* CMViewController.h */,
				22CFE420157F71D700C230A8 /* CMViewController.m */,
				22CFE422157F71D700C230A8 /* CMViewController.xib */,
			);
			name = "Main view controller";
			sourceTree = "<group>";
		};
		22CFE432157F858100C230A8 /* Content pages */ = {
			isa = PBXGroup;
			children = (
				22CFE42A157F722B00C230A8 /* ContentViewController.h */,
				22CFE42B157F722B00C230A8 /* ContentViewController.m */,
				22CFE42C157F722B00C230A8 /* ContentViewController.xib */,
			);
			name = "Content pages";
			sourceTree = "<group>";
		};
		22CFE433157F860900C230A8 /* Assets */ = {
			isa = PBXGroup;
			children = (
				22CFE434157F861500C230A8 /* Pages */,
			);
			name = Assets;
			sourceTree = "<group>";
		};
		22CFE434157F861500C230A8 /* Pages */ = {
			isa = PBXGroup;
			children = (
				22AA6015157F9F7F00DE9C3F /* cover_2.jpg */,
				22AA6016157F9F7F00DE9C3F /* cover.jpg */,
				22AA6017157F9F7F00DE9C3F /* page_1.jpg */,
				22AA6018157F9F7F00DE9C3F /* page_2.jpg */,
				22AA6019157F9F7F00DE9C3F /* page_3.jpg */,
				22AA601A157F9F7F00DE9C3F /* page_4.jpg */,
				22AA601B157F9F7F00DE9C3F /* page_5.jpg */,
				22AA601C157F9F7F00DE9C3F /* page_6.jpg */,
				22AA601D157F9F7F00DE9C3F /* page_7.jpg */,
				22AA601E157F9F7F00DE9C3F /* page_8.jpg */,
				22AA601F157F9F7F00DE9C3F /* page_9.jpg */,
				22AA6020157F9F7F00DE9C3F /* page_10.jpg */,
				22AA6021157F9F7F00DE9C3F /* page_11.jpg */,
				22AA6022157F9F7F00DE9C3F /* page_12.jpg */,
				22AA6023157F9F7F00DE9C3F /* page_13.jpg */,
				22AA6024157F9F7F00DE9C3F /* page_14.jpg */,
				22AA6025157F9F7F00DE9C3F /* page_15.jpg */,
			);
			name = Pages;
			sourceTree = "<group>";
		};
/* End PBXGroup section */

/* Begin PBXNativeTarget section */
		22CFE408157F71D600C230A8 /* PVC */ = {
			isa = PBXNativeTarget;
			buildConfigurationList = 22CFE427157F71D700C230A8 /* Build configuration list for PBXNativeTarget "PVC" */;
			buildPhases = (
				22CFE405157F71D600C230A8 /* Sources */,
				22CFE406157F71D600C230A8 /* Frameworks */,
				22CFE407157F71D600C230A8 /* Resources */,
			);
			buildRules = (
			);
			dependencies = (
			);
			name = PVC;
			productName = PVC;
			productReference = 22CFE409157F71D600C230A8 /* PVC.app */;
			productType = "com.apple.product-type.application";
		};
/* End PBXNativeTarget section */

/* Begin PBXProject section */
		22CFE400157F71D600C230A8 /* Project object */ = {
			isa = PBXProject;
			attributes = {
				CLASSPREFIX = CM;
				LastUpgradeCheck = 0430;
			};
			buildConfigurationList = 22CFE403157F71D600C230A8 /* Build configuration list for PBXProject "PVC" */;
			compatibilityVersion = "Xcode 3.2";
			developmentRegion = English;
			hasScannedForEncodings = 0;
			knownRegions = (
				en,
			);
			mainGroup = 22CFE3FE157F71D600C230A8;
			productRefGroup = 22CFE40A157F71D600C230A8 /* Products */;
			projectDirPath = "";
			projectRoot = "";
			targets = (
				22CFE408157F71D600C230A8 /* PVC */,
			);
		};
/* End PBXProject section */

/* Begin PBXResourcesBuildPhase section */
		22CFE407157F71D600C230A8 /* Resources */ = {
			isa = PBXResourcesBuildPhase;
			buildActionMask = 2147483647;
			files = (
				22CFE418157F71D600C230A8 /* InfoPlist.strings in Resources */,
				22CFE424157F71D700C230A8 /* CMViewController.xib in Resources */,
				22CFE42E157F722B00C230A8 /* ContentViewController.xib in Resources */,
				22AA6026157F9F7F00DE9C3F /* cover_2.jpg in Resources */,
				22AA6027157F9F7F00DE9C3F /* cover.jpg in Resources */,
				22AA6028157F9F7F00DE9C3F /* page_1.jpg in Resources */,
				22AA6029157F9F7F00DE9C3F /* page_2.jpg in Resources */,
				22AA602A157F9F7F00DE9C3F /* page_3.jpg in Resources */,
				22AA602B157F9F7F00DE9C3F /* page_4.jpg in Resources */,
				22AA602C157F9F7F00DE9C3F /* page_5.jpg in Resources */,
				22AA602D157F9F7F00DE9C3F /* page_6.jpg in Resources */,
				22AA602E157F9F7F00DE9C3F /* page_7.jpg in Resources */,
				22AA602F157F9F7F00DE9C3F /* page_8.jpg in Resources */,
				22AA6030157F9F7F00DE9C3F /* page_9.jpg in Resources */,
				22AA6031157F9F7F00DE9C3F /* page_10.jpg in Resources */,
				22AA6032157F9F7F00DE9C3F /* page_11.jpg in Resources */,
				22AA6033157F9F7F00DE9C3F /* page_12.jpg in Resources */,
				22AA6034157F9F7F00DE9C3F /* page_13.jpg in Resources */,
				22AA6035157F9F7F00DE9C3F /* page_14.jpg in Resources */,
				22AA6036157F9F7F00DE9C3F /* page_15.jpg in Resources */,
			);
			runOnlyForDeploymentPostprocessing = 0;
		};
/* End PBXResourcesBuildPhase section */

/* Begin PBXSourcesBuildPhase section */
		22CFE405157F71D600C230A8 /* Sources */ = {
			isa = PBXSourcesBuildPhase;
			buildActionMask = 2147483647;
			files = (
				22CFE41A157F71D600C230A8 /* main.m in Sources */,
				22CFE41E157F71D700C230A8 /* CMAppDelegate.m in Sources */,
				22CFE421157F71D700C230A8 /* CMViewController.m in Sources */,
				22CFE42D157F722B00C230A8 /* ContentViewController.m in Sources */,
			);
			runOnlyForDeploymentPostprocessing = 0;
		};
/* End PBXSourcesBuildPhase section */

/* Begin PBXVariantGroup section */
		22CFE416157F71D600C230A8 /* InfoPlist.strings */ = {
			isa = PBXVariantGroup;
			children = (
				22CFE417157F71D600C230A8 /* en */,
			);
			name = InfoPlist.strings;
			sourceTree = "<group>";
		};
		22CFE422157F71D700C230A8 /* CMViewController.xib */ = {
			isa = PBXVariantGroup;
			children = (
				22CFE423157F71D700C230A8 /* en */,
			);
			name = CMViewController.xib;
			sourceTree = "<group>";
		};
/* End PBXVariantGroup section */

/* Begin XCBuildConfiguration section */
		22CFE425157F71D700C230A8 /* Debug */ = {
			isa = XCBuildConfiguration;
			buildSettings = {
				ALWAYS_SEARCH_USER_PATHS = NO;
				ARCHS = "$(ARCHS_STANDARD_32_BIT)";
				CLANG_ENABLE_OBJC_ARC = YES;
				"CODE_SIGN_IDENTITY[sdk=iphoneos*]" = "iPhone Developer";
				COPY_PHASE_STRIP = NO;
				GCC_C_LANGUAGE_STANDARD = gnu99;
				GCC_DYNAMIC_NO_PIC = NO;
				GCC_OPTIMIZATION_LEVEL = 0;
				GCC_PREPROCESSOR_DEFINITIONS = (
					"DEBUG=1",
					"$(inherited)",
				);
				GCC_SYMBOLS_PRIVATE_EXTERN = NO;
				GCC_VERSION = com.apple.compilers.llvm.clang.1_0;
				GCC_WARN_ABOUT_RETURN_TYPE = YES;
				GCC_WARN_UNINITIALIZED_AUTOS = YES;
				GCC_WARN_UNUSED_VARIABLE = YES;
				IPHONEOS_DEPLOYMENT_TARGET = 5.1;
				SDKROOT = iphoneos;
				TARGETED_DEVICE_FAMILY = 2;
			};
			name = Debug;
		};
		22CFE426157F71D700C230A8 /* Release */ = {
			isa = XCBuildConfiguration;
			buildSettings = {
				ALWAYS_SEARCH_USER_PATHS = NO;
				ARCHS = "$(ARCHS_STANDARD_32_BIT)";
				CLANG_ENABLE_OBJC_ARC = YES;
				"CODE_SIGN_IDENTITY[sdk=iphoneos*]" = "iPhone Developer";
				COPY_PHASE_STRIP = YES;
				GCC_C_LANGUAGE_STANDARD = gnu99;
				GCC_VERSION = com.apple.compilers.llvm.clang.1_0;
				GCC_WARN_ABOUT_RETURN_TYPE = YES;
				GCC_WARN_UNINITIALIZED_AUTOS = YES;
				GCC_WARN_UNUSED_VARIABLE = YES;
				IPHONEOS_DEPLOYMENT_TARGET = 5.1;
				OTHER_CFLAGS = "-DNS_BLOCK_ASSERTIONS=1";
				SDKROOT = iphoneos;
				TARGETED_DEVICE_FAMILY = 2;
				VALIDATE_PRODUCT = YES;
			};
			name = Release;
		};
		22CFE428157F71D700C230A8 /* Debug */ = {
			isa = XCBuildConfiguration;
			buildSettings = {
				GCC_PRECOMPILE_PREFIX_HEADER = YES;
				GCC_PREFIX_HEADER = "PVC/PVC-Prefix.pch";
				INFOPLIST_FILE = "PVC/PVC-Info.plist";
				PRODUCT_NAME = "$(TARGET_NAME)";
				WRAPPER_EXTENSION = app;
			};
			name = Debug;
		};
		22CFE429157F71D700C230A8 /* Release */ = {
			isa = XCBuildConfiguration;
			buildSettings = {
				GCC_PRECOMPILE_PREFIX_HEADER = YES;
				GCC_PREFIX_HEADER = "PVC/PVC-Prefix.pch";
				INFOPLIST_FILE = "PVC/PVC-Info.plist";
				PRODUCT_NAME = "$(TARGET_NAME)";
				WRAPPER_EXTENSION = app;
			};
			name = Release;
		};
/* End XCBuildConfiguration section */

/* Begin XCConfigurationList section */
		22CFE403157F71D600C230A8 /* Build configuration list for PBXProject "PVC" */ = {
			isa = XCConfigurationList;
			buildConfigurations = (
				22CFE425157F71D700C230A8 /* Debug */,
				22CFE426157F71D700C230A8 /* Release */,
			);
			defaultConfigurationIsVisible = 0;
			defaultConfigurationName = Release;
		};
		22CFE427157F71D700C230A8 /* Build configuration list for PBXNativeTarget "PVC" */ = {
			isa = XCConfigurationList;
			buildConfigurations = (
				22CFE428157F71D700C230A8 /* Debug */,
				22CFE429157F71D700C230A8 /* Release */,
			);
			defaultConfigurationIsVisible = 0;
			defaultConfigurationName = Release;
		};
/* End XCConfigurationList section */
	};
	rootObject = 22CFE400157F71D600C230A8 /* Project object */;
}
